
Microsoft Visual Studio Solution File, Format Version 12.00
Project("{FAE04EC0-301F-11D3-BF4B-00C04F79EFBC}") = "Kata1.Calculator", "Kata1.Calculator\Kata1.Calculator.csproj", "{C49254FE-443F-46B4-8E78-8E5BA8246C2E}"
EndProject
Project("{FAE04EC0-301F-11D3-BF4B-00C04F79EFBC}") = "Kata3.GildedRose", "Kata3.GildedRose\Kata3.GildedRose.csproj", "{1D6E6BC0-24F7-4F04-94CA-D8A53EB8BE7B}"
EndProject
Project("{FAE04EC0-301F-11D3-BF4B-00C04F79EFBC}") = "Kata2.TicTacToe", "Kata2.TicTacToe\Kata2.TicTacToe.csproj", "{648F1C12-320C-4456-ADC2-87EEC701CEFD}"
EndProject
Project("{FAE04EC0-301F-11D3-BF4B-00C04F79EFBC}") = "Kata2.TicTacToe.UnitTests", "Kata2.TicTacToe.UnitTests\Kata2.TicTacToe.UnitTests.csproj", "{6E9A3CF2-9813-4A2C-86C5-F8F016D0E56B}"
EndProject
Project("{2150E333-8FDC-42A3-9474-1A3956D46DE8}") = "Kata1", "Kata1", "{32855A75-B40F-46B3-AC0B-B80FB271495B}"
EndProject
Project("{2150E333-8FDC-42A3-9474-1A3956D46DE8}") = "Kata2", "Kata2", "{1BBF0FE8-3A59-49BF-9397-0E86477AB338}"
EndProject
Project("{2150E333-8FDC-42A3-9474-1A3956D46DE8}") = "Kata3", "Kata3", "{6CB7031F-217D-4FF0-AD17-C39648655F2D}"
EndProject
Global
	GlobalSection(SolutionConfigurationPlatforms) = preSolution
		Debug|Any CPU = Debug|Any CPU
		Release|Any CPU = Release|Any CPU
	EndGlobalSection
	GlobalSection(ProjectConfigurationPlatforms) = postSolution
		{C49254FE-443F-46B4-8E78-8E5BA8246C2E}.Debug|Any CPU.ActiveCfg = Debug|Any CPU
		{C49254FE-443F-46B4-8E78-8E5BA8246C2E}.Debug|Any CPU.Build.0 = Debug|Any CPU
		{C49254FE-443F-46B4-8E78-8E5BA8246C2E}.Release|Any CPU.ActiveCfg = Release|Any CPU
		{C49254FE-443F-46B4-8E78-8E5BA8246C2E}.Release|Any CPU.Build.0 = Release|Any CPU
		{1D6E6BC0-24F7-4F04-94CA-D8A53EB8BE7B}.Debug|Any CPU.ActiveCfg = Debug|Any CPU
		{1D6E6BC0-24F7-4F04-94CA-D8A53EB8BE7B}.Debug|Any CPU.Build.0 = Debug|Any CPU
		{1D6E6BC0-24F7-4F04-94CA-D8A53EB8BE7B}.Release|Any CPU.ActiveCfg = Release|Any CPU
		{1D6E6BC0-24F7-4F04-94CA-D8A53EB8BE7B}.Release|Any CPU.Build.0 = Release|Any CPU
		{648F1C12-320C-4456-ADC2-87EEC701CEFD}.Debug|Any CPU.ActiveCfg = Debug|Any CPU
		{648F1C12-320C-4456-ADC2-87EEC701CEFD}.Debug|Any CPU.Build.0 = Debug|Any CPU
		{648F1C12-320C-4456-ADC2-87EEC701CEFD}.Release|Any CPU.ActiveCfg = Release|Any CPU
		{648F1C12-320C-4456-ADC2-87EEC701CEFD}.Release|Any CPU.Build.0 = Release|Any CPU
		{6E9A3CF2-9813-4A2C-86C5-F8F016D0E56B}.Debug|Any CPU.ActiveCfg = Debug|Any CPU
		{6E9A3CF2-9813-4A2C-86C5-F8F016D0E56B}.Debug|Any CPU.Build.0 = Debug|Any CPU
		{6E9A3CF2-9813-4A2C-86C5-F8F016D0E56B}.Release|Any CPU.ActiveCfg = Release|Any CPU
		{6E9A3CF2-9813-4A2C-86C5-F8F016D0E56B}.Release|Any CPU.Build.0 = Release|Any CPU
	EndGlobalSection
	GlobalSection(NestedProjects) = preSolution
		{C49254FE-443F-46B4-8E78-8E5BA8246C2E} = {32855A75-B40F-46B3-AC0B-B80FB271495B}
		{648F1C12-320C-4456-ADC2-87EEC701CEFD} = {1BBF0FE8-3A59-49BF-9397-0E86477AB338}
		{6E9A3CF2-9813-4A2C-86C5-F8F016D0E56B} = {1BBF0FE8-3A59-49BF-9397-0E86477AB338}
		{1D6E6BC0-24F7-4F04-94CA-D8A53EB8BE7B} = {6CB7031F-217D-4FF0-AD17-C39648655F2D}
	EndGlobalSection
EndGlobal
